// !$*UTF8*$!
{
	archiveVersion = 1;
	classes = {
	};
	objectVersion = 56;
	objects = {

/* Begin PBXBuildFile section */
		5C1B4BB12A81EF4F0072CC3E /* AppDelegate.swift in Sources */ = {isa = PBXBuildFile; fileRef = 5C1B4BB02A81EF4F0072CC3E /* AppDelegate.swift */; };
		5C1B4BB32A81EF4F0072CC3E /* SceneDelegate.swift in Sources */ = {isa = PBXBuildFile; fileRef = 5C1B4BB22A81EF4F0072CC3E /* SceneDelegate.swift */; };
		5C1B4BB52A81EF4F0072CC3E /* ViewController.swift in Sources */ = {isa = PBXBuildFile; fileRef = 5C1B4BB42A81EF4F0072CC3E /* ViewController.swift */; };
		5C1B4BBA2A81EF500072CC3E /* Assets.xcassets in Resources */ = {isa = PBXBuildFile; fileRef = 5C1B4BB92A81EF500072CC3E /* Assets.xcassets */; };
		5C1B4BBD2A81EF500072CC3E /* LaunchScreen.storyboard in Resources */ = {isa = PBXBuildFile; fileRef = 5C1B4BBB2A81EF500072CC3E /* LaunchScreen.storyboard */; };
		5C1B4BC52A824E210072CC3E /* ImportGoogleDriveController.swift in Sources */ = {isa = PBXBuildFile; fileRef = 5C1B4BC42A824E210072CC3E /* ImportGoogleDriveController.swift */; };
		5C7D1CE72A832F1900AA71EC /* SigninButtonView.swift in Sources */ = {isa = PBXBuildFile; fileRef = 5C7D1CE62A832F1900AA71EC /* SigninButtonView.swift */; };
		5C7D1CEA2A8377F000AA71EC /* Extensions.swift in Sources */ = {isa = PBXBuildFile; fileRef = 5C7D1CE92A8377F000AA71EC /* Extensions.swift */; };
		AD34A1881EFA80C3C1569AF8 /* Pods_Learning_WkWebView.framework in Frameworks */ = {isa = PBXBuildFile; fileRef = 0DCFB38864F82643A6ABD293 /* Pods_Learning_WkWebView.framework */; };
/* End PBXBuildFile section */

/* Begin PBXFileReference section */
		0DCFB38864F82643A6ABD293 /* Pods_Learning_WkWebView.framework */ = {isa = PBXFileReference; explicitFileType = wrapper.framework; includeInIndex = 0; path = Pods_Learning_WkWebView.framework; sourceTree = BUILT_PRODUCTS_DIR; };
		5C1B4BAD2A81EF4F0072CC3E /* Learning-WkWebView.app */ = {isa = PBXFileReference; explicitFileType = wrapper.application; includeInIndex = 0; path = "Learning-WkWebView.app"; sourceTree = BUILT_PRODUCTS_DIR; };
		5C1B4BB02A81EF4F0072CC3E /* AppDelegate.swift */ = {isa = PBXFileReference; lastKnownFileType = sourcecode.swift; path = AppDelegate.swift; sourceTree = "<group>"; };
		5C1B4BB22A81EF4F0072CC3E /* SceneDelegate.swift */ = {isa = PBXFileReference; lastKnownFileType = sourcecode.swift; path = SceneDelegate.swift; sourceTree = "<group>"; };
		5C1B4BB42A81EF4F0072CC3E /* ViewController.swift */ = {isa = PBXFileReference; lastKnownFileType = sourcecode.swift; path = ViewController.swift; sourceTree = "<group>"; };
		5C1B4BB92A81EF500072CC3E /* Assets.xcassets */ = {isa = PBXFileReference; lastKnownFileType = folder.assetcatalog; path = Assets.xcassets; sourceTree = "<group>"; };
		5C1B4BBC2A81EF500072CC3E /* Base */ = {isa = PBXFileReference; lastKnownFileType = file.storyboard; name = Base; path = Base.lproj/LaunchScreen.storyboard; sourceTree = "<group>"; };
		5C1B4BBE2A81EF500072CC3E /* Info.plist */ = {isa = PBXFileReference; lastKnownFileType = text.plist.xml; path = Info.plist; sourceTree = "<group>"; };
		5C1B4BC42A824E210072CC3E /* ImportGoogleDriveController.swift */ = {isa = PBXFileReference; lastKnownFileType = sourcecode.swift; path = ImportGoogleDriveController.swift; sourceTree = "<group>"; };
		5C7D1CE62A832F1900AA71EC /* SigninButtonView.swift */ = {isa = PBXFileReference; lastKnownFileType = sourcecode.swift; path = SigninButtonView.swift; sourceTree = "<group>"; };
		5C7D1CE92A8377F000AA71EC /* Extensions.swift */ = {isa = PBXFileReference; lastKnownFileType = sourcecode.swift; path = Extensions.swift; sourceTree = "<group>"; };
		8160E8907380B50960B4F8F1 /* Pods-Learning-WkWebView.debug.xcconfig */ = {isa = PBXFileReference; includeInIndex = 1; lastKnownFileType = text.xcconfig; name = "Pods-Learning-WkWebView.debug.xcconfig"; path = "Target Support Files/Pods-Learning-WkWebView/Pods-Learning-WkWebView.debug.xcconfig"; sourceTree = "<group>"; };
		DF20B337B7B5171E6F37F08E /* Pods-Learning-WkWebView.release.xcconfig */ = {isa = PBXFileReference; includeInIndex = 1; lastKnownFileType = text.xcconfig; name = "Pods-Learning-WkWebView.release.xcconfig"; path = "Target Support Files/Pods-Learning-WkWebView/Pods-Learning-WkWebView.release.xcconfig"; sourceTree = "<group>"; };
/* End PBXFileReference section */

/* Begin PBXFrameworksBuildPhase section */
		5C1B4BAA2A81EF4F0072CC3E /* Frameworks */ = {
			isa = PBXFrameworksBuildPhase;
			buildActionMask = 2147483647;
			files = (
				AD34A1881EFA80C3C1569AF8 /* Pods_Learning_WkWebView.framework in Frameworks */,
			);
			runOnlyForDeploymentPostprocessing = 0;
		};
/* End PBXFrameworksBuildPhase section */

/* Begin PBXGroup section */
		5C1B4BA42A81EF4F0072CC3E = {
			isa = PBXGroup;
			children = (
				5C1B4BAF2A81EF4F0072CC3E /* Learning-WkWebView */,
				5C1B4BAE2A81EF4F0072CC3E /* Products */,
				CE0E30116A4206045DEB0AFA /* Pods */,
				D2580DCFDBDA88547D78B236 /* Frameworks */,
			);
			sourceTree = "<group>";
		};
		5C1B4BAE2A81EF4F0072CC3E /* Products */ = {
			isa = PBXGroup;
			children = (
				5C1B4BAD2A81EF4F0072CC3E /* Learning-WkWebView.app */,
			);
			name = Products;
			sourceTree = "<group>";
		};
		5C1B4BAF2A81EF4F0072CC3E /* Learning-WkWebView */ = {
			isa = PBXGroup;
			children = (
				5C7D1CE82A8377E700AA71EC /* Extensions */,
				5C7D1CE52A832F0B00AA71EC /* Views */,
				5C1B4BB02A81EF4F0072CC3E /* AppDelegate.swift */,
				5C1B4BB22A81EF4F0072CC3E /* SceneDelegate.swift */,
				5C1B4BC42A824E210072CC3E /* ImportGoogleDriveController.swift */,
				5C1B4BB42A81EF4F0072CC3E /* ViewController.swift */,
				5C1B4BB92A81EF500072CC3E /* Assets.xcassets */,
				5C1B4BBB2A81EF500072CC3E /* LaunchScreen.storyboard */,
				5C1B4BBE2A81EF500072CC3E /* Info.plist */,
			);
			path = "Learning-WkWebView";
			sourceTree = "<group>";
		};
		5C7D1CE52A832F0B00AA71EC /* Views */ = {
			isa = PBXGroup;
			children = (
				5C7D1CE62A832F1900AA71EC /* SigninButtonView.swift */,
			);
			path = Views;
			sourceTree = "<group>";
		};
		5C7D1CE82A8377E700AA71EC /* Extensions */ = {
			isa = PBXGroup;
			children = (
				5C7D1CE92A8377F000AA71EC /* Extensions.swift */,
			);
			path = Extensions;
			sourceTree = "<group>";
		};
		CE0E30116A4206045DEB0AFA /* Pods */ = {
			isa = PBXGroup;
			children = (
				8160E8907380B50960B4F8F1 /* Pods-Learning-WkWebView.debug.xcconfig */,
				DF20B337B7B5171E6F37F08E /* Pods-Learning-WkWebView.release.xcconfig */,
			);
			path = Pods;
			sourceTree = "<group>";
		};
		D2580DCFDBDA88547D78B236 /* Frameworks */ = {
			isa = PBXGroup;
			children = (
				0DCFB38864F82643A6ABD293 /* Pods_Learning_WkWebView.framework */,
			);
			name = Frameworks;
			sourceTree = "<group>";
		};
/* End PBXGroup section */

/* Begin PBXNativeTarget section */
		5C1B4BAC2A81EF4F0072CC3E /* Learning-WkWebView */ = {
			isa = PBXNativeTarget;
			buildConfigurationList = 5C1B4BC12A81EF500072CC3E /* Build configuration list for PBXNativeTarget "Learning-WkWebView" */;
			buildPhases = (
				C6C1A082BE47EB69A60E735D /* [CP] Check Pods Manifest.lock */,
				5C1B4BA92A81EF4F0072CC3E /* Sources */,
				5C1B4BAA2A81EF4F0072CC3E /* Frameworks */,
				5C1B4BAB2A81EF4F0072CC3E /* Resources */,
				B740383D802EF2BB159A05FE /* [CP] Embed Pods Frameworks */,
				85AC838291024AE059B78B62 /* [CP] Copy Pods Resources */,
			);
			buildRules = (
			);
			dependencies = (
			);
			name = "Learning-WkWebView";
			productName = "Learning-WkWebView";
			productReference = 5C1B4BAD2A81EF4F0072CC3E /* Learning-WkWebView.app */;
			productType = "com.apple.product-type.application";
		};
/* End PBXNativeTarget section */

/* Begin PBXProject section */
		5C1B4BA52A81EF4F0072CC3E /* Project object */ = {
			isa = PBXProject;
			attributes = {
				BuildIndependentTargetsInParallel = 1;
				LastSwiftUpdateCheck = 1420;
				LastUpgradeCheck = 1420;
				TargetAttributes = {
					5C1B4BAC2A81EF4F0072CC3E = {
						CreatedOnToolsVersion = 14.2;
					};
				};
			};
			buildConfigurationList = 5C1B4BA82A81EF4F0072CC3E /* Build configuration list for PBXProject "Learning-WkWebView" */;
			compatibilityVersion = "Xcode 14.0";
			developmentRegion = en;
			hasScannedForEncodings = 0;
			knownRegions = (
				en,
				Base,
			);
			mainGroup = 5C1B4BA42A81EF4F0072CC3E;
			productRefGroup = 5C1B4BAE2A81EF4F0072CC3E /* Products */;
			projectDirPath = "";
			projectRoot = "";
			targets = (
				5C1B4BAC2A81EF4F0072CC3E /* Learning-WkWebView */,
			);
		};
/* End PBXProject section */

/* Begin PBXResourcesBuildPhase section */
		5C1B4BAB2A81EF4F0072CC3E /* Resources */ = {
			isa = PBXResourcesBuildPhase;
			buildActionMask = 2147483647;
			files = (
				5C1B4BBD2A81EF500072CC3E /* LaunchScreen.storyboard in Resources */,
				5C1B4BBA2A81EF500072CC3E /* Assets.xcassets in Resources */,
			);
			runOnlyForDeploymentPostprocessing = 0;
		};
/* End PBXResourcesBuildPhase section */

/* Begin PBXShellScriptBuildPhase section */
		85AC838291024AE059B78B62 /* [CP] Copy Pods Resources */ = {
			isa = PBXShellScriptBuildPhase;
			buildActionMask = 2147483647;
			files = (
			);
			inputFileListPaths = (
				"${PODS_ROOT}/Target Support Files/Pods-Learning-WkWebView/Pods-Learning-WkWebView-resources-${CONFIGURATION}-input-files.xcfilelist",
			);
			name = "[CP] Copy Pods Resources";
			outputFileListPaths = (
				"${PODS_ROOT}/Target Support Files/Pods-Learning-WkWebView/Pods-Learning-WkWebView-resources-${CONFIGURATION}-output-files.xcfilelist",
			);
			runOnlyForDeploymentPostprocessing = 0;
			shellPath = /bin/sh;
			shellScript = "\"${PODS_ROOT}/Target Support Files/Pods-Learning-WkWebView/Pods-Learning-WkWebView-resources.sh\"\n";
			showEnvVarsInLog = 0;
		};
		B740383D802EF2BB159A05FE /* [CP] Embed Pods Frameworks */ = {
			isa = PBXShellScriptBuildPhase;
			buildActionMask = 2147483647;
			files = (
			);
			inputFileListPaths = (
				"${PODS_ROOT}/Target Support Files/Pods-Learning-WkWebView/Pods-Learning-WkWebView-frameworks-${CONFIGURATION}-input-files.xcfilelist",
			);
			name = "[CP] Embed Pods Frameworks";
			outputFileListPaths = (
				"${PODS_ROOT}/Target Support Files/Pods-Learning-WkWebView/Pods-Learning-WkWebView-frameworks-${CONFIGURATION}-output-files.xcfilelist",
			);
			runOnlyForDeploymentPostprocessing = 0;
			shellPath = /bin/sh;
			shellScript = "\"${PODS_ROOT}/Target Support Files/Pods-Learning-WkWebView/Pods-Learning-WkWebView-frameworks.sh\"\n";
			showEnvVarsInLog = 0;
		};
		C6C1A082BE47EB69A60E735D /* [CP] Check Pods Manifest.lock */ = {
			isa = PBXShellScriptBuildPhase;
			buildActionMask = 2147483647;
			files = (
			);
			inputFileListPaths = (
			);
			inputPaths = (
				"${PODS_PODFILE_DIR_PATH}/Podfile.lock",
				"${PODS_ROOT}/Manifest.lock",
			);
			name = "[CP] Check Pods Manifest.lock";
			outputFileListPaths = (
			);
			outputPaths = (
				"$(DERIVED_FILE_DIR)/Pods-Learning-WkWebView-checkManifestLockResult.txt",
			);
			runOnlyForDeploymentPostprocessing = 0;
			shellPath = /bin/sh;
			shellScript = "diff \"${PODS_PODFILE_DIR_PATH}/Podfile.lock\" \"${PODS_ROOT}/Manifest.lock\" > /dev/null\nif [ $? != 0 ] ; then\n    # print error to STDERR\n    echo \"error: The sandbox is not in sync with the Podfile.lock. Run 'pod install' or update your CocoaPods installation.\" >&2\n    exit 1\nfi\n# This output is used by Xcode 'outputs' to avoid re-running this script phase.\necho \"SUCCESS\" > \"${SCRIPT_OUTPUT_FILE_0}\"\n";
			showEnvVarsInLog = 0;
		};
/* End PBXShellScriptBuildPhase section */

/* Begin PBXSourcesBuildPhase section */
		5C1B4BA92A81EF4F0072CC3E /* Sources */ = {
			isa = PBXSourcesBuildPhase;
			buildActionMask = 2147483647;
			files = (
				5C1B4BB52A81EF4F0072CC3E /* ViewController.swift in Sources */,
				5C7D1CEA2A8377F000AA71EC /* Extensions.swift in Sources */,
				5C1B4BB12A81EF4F0072CC3E /* AppDelegate.swift in Sources */,
				5C7D1CE72A832F1900AA71EC /* SigninButtonView.swift in Sources */,
				5C1B4BC52A824E210072CC3E /* ImportGoogleDriveController.swift in Sources */,
				5C1B4BB32A81EF4F0072CC3E /* SceneDelegate.swift in Sources */,
			);
			runOnlyForDeploymentPostprocessing = 0;
		};
/* End PBXSourcesBuildPhase section */

/* Begin PBXVariantGroup section */
		5C1B4BBB2A81EF500072CC3E /* LaunchScreen.storyboard */ = {
			isa = PBXVariantGroup;
			children = (
				5C1B4BBC2A81EF500072CC3E /* Base */,
			);
			name = LaunchScreen.storyboard;
			sourceTree = "<group>";
		};
/* End PBXVariantGroup section */

/* Begin XCBuildConfiguration section */
		5C1B4BBF2A81EF500072CC3E /* Debug */ = {
			isa = XCBuildConfiguration;
			buildSettings = {
				ALWAYS_SEARCH_USER_PATHS = NO;
				CLANG_ANALYZER_NONNULL = YES;
				CLANG_ANALYZER_NUMBER_OBJECT_CONVERSION = YES_AGGRESSIVE;
				CLANG_CXX_LANGUAGE_STANDARD = "gnu++20";
				CLANG_ENABLE_MODULES = YES;
				CLANG_ENABLE_OBJC_ARC = YES;
				CLANG_ENABLE_OBJC_WEAK = YES;
				CLANG_WARN_BLOCK_CAPTURE_AUTORELEASING = YES;
				CLANG_WARN_BOOL_CONVERSION = YES;
				CLANG_WARN_COMMA = YES;
				CLANG_WARN_CONSTANT_CONVERSION = YES;
				CLANG_WARN_DEPRECATED_OBJC_IMPLEMENTATIONS = YES;
				CLANG_WARN_DIRECT_OBJC_ISA_USAGE = YES_ERROR;
				CLANG_WARN_DOCUMENTATION_COMMENTS = YES;
				CLANG_WARN_EMPTY_BODY = YES;
				CLANG_WARN_ENUM_CONVERSION = YES;
				CLANG_WARN_INFINITE_RECURSION = YES;
				CLANG_WARN_INT_CONVERSION = YES;
				CLANG_WARN_NON_LITERAL_NULL_CONVERSION = YES;
				CLANG_WARN_OBJC_IMPLICIT_RETAIN_SELF = YES;
				CLANG_WARN_OBJC_LITERAL_CONVERSION = YES;
				CLANG_WARN_OBJC_ROOT_CLASS = YES_ERROR;
				CLANG_WARN_QUOTED_INCLUDE_IN_FRAMEWORK_HEADER = YES;
				CLANG_WARN_RANGE_LOOP_ANALYSIS = YES;
				CLANG_WARN_STRICT_PROTOTYPES = YES;
				CLANG_WARN_SUSPICIOUS_MOVE = YES;
				CLANG_WARN_UNGUARDED_AVAILABILITY = YES_AGGRESSIVE;
				CLANG_WARN_UNREACHABLE_CODE = YES;
				CLANG_WARN__DUPLICATE_METHOD_MATCH = YES;
				COPY_PHASE_STRIP = NO;
				DEBUG_INFORMATION_FORMAT = dwarf;
				ENABLE_STRICT_OBJC_MSGSEND = YES;
				ENABLE_TESTABILITY = YES;
				GCC_C_LANGUAGE_STANDARD = gnu11;
				GCC_DYNAMIC_NO_PIC = NO;
				GCC_NO_COMMON_BLOCKS = YES;
				GCC_OPTIMIZATION_LEVEL = 0;
				GCC_PREPROCESSOR_DEFINITIONS = (
					"DEBUG=1",
					"$(inherited)",
				);
				GCC_WARN_64_TO_32_BIT_CONVERSION = YES;
				GCC_WARN_ABOUT_RETURN_TYPE = YES_ERROR;
				GCC_WARN_UNDECLARED_SELECTOR = YES;
				GCC_WARN_UNINITIALIZED_AUTOS = YES_AGGRESSIVE;
				GCC_WARN_UNUSED_FUNCTION = YES;
				GCC_WARN_UNUSED_VARIABLE = YES;
				IPHONEOS_DEPLOYMENT_TARGET = 16.2;
				MTL_ENABLE_DEBUG_INFO = INCLUDE_SOURCE;
				MTL_FAST_MATH = YES;
				ONLY_ACTIVE_ARCH = YES;
				SDKROOT = iphoneos;
				SWIFT_ACTIVE_COMPILATION_CONDITIONS = DEBUG;
				SWIFT_OPTIMIZATION_LEVEL = "-Onone";
			};
			name = Debug;
		};
		5C1B4BC02A81EF500072CC3E /* Release */ = {
			isa = XCBuildConfiguration;
			buildSettings = {
				ALWAYS_SEARCH_USER_PATHS = NO;
				CLANG_ANALYZER_NONNULL = YES;
				CLANG_ANALYZER_NUMBER_OBJECT_CONVERSION = YES_AGGRESSIVE;
				CLANG_CXX_LANGUAGE_STANDARD = "gnu++20";
				CLANG_ENABLE_MODULES = YES;
				CLANG_ENABLE_OBJC_ARC = YES;
				CLANG_ENABLE_OBJC_WEAK = YES;
				CLANG_WARN_BLOCK_CAPTURE_AUTORELEASING = YES;
				CLANG_WARN_BOOL_CONVERSION = YES;
				CLANG_WARN_COMMA = YES;
				CLANG_WARN_CONSTANT_CONVERSION = YES;
				CLANG_WARN_DEPRECATED_OBJC_IMPLEMENTATIONS = YES;
				CLANG_WARN_DIRECT_OBJC_ISA_USAGE = YES_ERROR;
				CLANG_WARN_DOCUMENTATION_COMMENTS = YES;
				CLANG_WARN_EMPTY_BODY = YES;
				CLANG_WARN_ENUM_CONVERSION = YES;
				CLANG_WARN_INFINITE_RECURSION = YES;
				CLANG_WARN_INT_CONVERSION = YES;
				CLANG_WARN_NON_LITERAL_NULL_CONVERSION = YES;
				CLANG_WARN_OBJC_IMPLICIT_RETAIN_SELF = YES;
				CLANG_WARN_OBJC_LITERAL_CONVERSION = YES;
				CLANG_WARN_OBJC_ROOT_CLASS = YES_ERROR;
				CLANG_WARN_QUOTED_INCLUDE_IN_FRAMEWORK_HEADER = YES;
				CLANG_WARN_RANGE_LOOP_ANALYSIS = YES;
				CLANG_WARN_STRICT_PROTOTYPES = YES;
				CLANG_WARN_SUSPICIOUS_MOVE = YES;
				CLANG_WARN_UNGUARDED_AVAILABILITY = YES_AGGRESSIVE;
				CLANG_WARN_UNREACHABLE_CODE = YES;
				CLANG_WARN__DUPLICATE_METHOD_MATCH = YES;
				COPY_PHASE_STRIP = NO;
				DEBUG_INFORMATION_FORMAT = "dwarf-with-dsym";
				ENABLE_NS_ASSERTIONS = NO;
				ENABLE_STRICT_OBJC_MSGSEND = YES;
				GCC_C_LANGUAGE_STANDARD = gnu11;
				GCC_NO_COMMON_BLOCKS = YES;
				GCC_WARN_64_TO_32_BIT_CONVERSION = YES;
				GCC_WARN_ABOUT_RETURN_TYPE = YES_ERROR;
				GCC_WARN_UNDECLARED_SELECTOR = YES;
				GCC_WARN_UNINITIALIZED_AUTOS = YES_AGGRESSIVE;
				GCC_WARN_UNUSED_FUNCTION = YES;
				GCC_WARN_UNUSED_VARIABLE = YES;
				IPHONEOS_DEPLOYMENT_TARGET = 16.2;
				MTL_ENABLE_DEBUG_INFO = NO;
				MTL_FAST_MATH = YES;
				SDKROOT = iphoneos;
				SWIFT_COMPILATION_MODE = wholemodule;
				SWIFT_OPTIMIZATION_LEVEL = "-O";
				VALIDATE_PRODUCT = YES;
			};
			name = Release;
		};
		5C1B4BC22A81EF500072CC3E /* Debug */ = {
			isa = XCBuildConfiguration;
			baseConfigurationReference = 8160E8907380B50960B4F8F1 /* Pods-Learning-WkWebView.debug.xcconfig */;
			buildSettings = {
				ASSETCATALOG_COMPILER_APPICON_NAME = AppIcon;
				ASSETCATALOG_COMPILER_GLOBAL_ACCENT_COLOR_NAME = AccentColor;
				CODE_SIGN_STYLE = Automatic;
				CURRENT_PROJECT_VERSION = 1;
				DEVELOPMENT_TEAM = AL5596JXF3;
				GENERATE_INFOPLIST_FILE = YES;
				INFOPLIST_FILE = "Learning-WkWebView/Info.plist";
				INFOPLIST_KEY_UIApplicationSupportsIndirectInputEvents = YES;
				INFOPLIST_KEY_UILaunchStoryboardName = LaunchScreen;
				INFOPLIST_KEY_UISupportedInterfaceOrientations = "UIInterfaceOrientationLandscapeLeft UIInterfaceOrientationLandscapeRight UIInterfaceOrientationPortrait";
				INFOPLIST_KEY_UISupportedInterfaceOrientations_iPad = "UIInterfaceOrientationLandscapeLeft UIInterfaceOrientationLandscapeRight UIInterfaceOrientationPortrait UIInterfaceOrientationPortraitUpsideDown";
				IPHONEOS_DEPLOYMENT_TARGET = 13.2;
				LD_RUNPATH_SEARCH_PATHS = (
					"$(inherited)",
					"@executable_path/Frameworks",
				);
				MARKETING_VERSION = 1.0;
				PRODUCT_BUNDLE_IDENTIFIER = "tienviet.Learning-WkWebView";
				PRODUCT_NAME = "$(TARGET_NAME)";
				SWIFT_EMIT_LOC_STRINGS = YES;
				SWIFT_VERSION = 5.0;
				TARGETED_DEVICE_FAMILY = "1,2";
			};
			name = Debug;
		};
		5C1B4BC32A81EF500072CC3E /* Release */ = {
			isa = XCBuildConfiguration;
			baseConfigurationReference = DF20B337B7B5171E6F37F08E /* Pods-Learning-WkWebView.release.xcconfig */;
			buildSettings = {
				ASSETCATALOG_COMPILER_APPICON_NAME = AppIcon;
				ASSETCATALOG_COMPILER_GLOBAL_ACCENT_COLOR_NAME = AccentColor;
				CODE_SIGN_STYLE = Automatic;
				CURRENT_PROJECT_VERSION = 1;
				DEVELOPMENT_TEAM = AL5596JXF3;
				GENERATE_INFOPLIST_FILE = YES;
				INFOPLIST_FILE = "Learning-WkWebView/Info.plist";
				INFOPLIST_KEY_UIApplicationSupportsIndirectInputEvents = YES;
				INFOPLIST_KEY_UILaunchStoryboardName = LaunchScreen;
				INFOPLIST_KEY_UISupportedInterfaceOrientations = "UIInterfaceOrientationLandscapeLeft UIInterfaceOrientationLandscapeRight UIInterfaceOrientationPortrait";
				INFOPLIST_KEY_UISupportedInterfaceOrientations_iPad = "UIInterfaceOrientationLandscapeLeft UIInterfaceOrientationLandscapeRight UIInterfaceOrientationPortrait UIInterfaceOrientationPortraitUpsideDown";
				IPHONEOS_DEPLOYMENT_TARGET = 13.2;
				LD_RUNPATH_SEARCH_PATHS = (
					"$(inherited)",
					"@executable_path/Frameworks",
				);
				MARKETING_VERSION = 1.0;
				PRODUCT_BUNDLE_IDENTIFIER = "tienviet.Learning-WkWebView";
				PRODUCT_NAME = "$(TARGET_NAME)";
				SWIFT_EMIT_LOC_STRINGS = YES;
				SWIFT_VERSION = 5.0;
				TARGETED_DEVICE_FAMILY = "1,2";
			};
			name = Release;
		};
/* End XCBuildConfiguration section */

/* Begin XCConfigurationList section */
		5C1B4BA82A81EF4F0072CC3E /* Build configuration list for PBXProject "Learning-WkWebView" */ = {
			isa = XCConfigurationList;
			buildConfigurations = (
				5C1B4BBF2A81EF500072CC3E /* Debug */,
				5C1B4BC02A81EF500072CC3E /* Release */,
			);
			defaultConfigurationIsVisible = 0;
			defaultConfigurationName = Release;
		};
		5C1B4BC12A81EF500072CC3E /* Build configuration list for PBXNativeTarget "Learning-WkWebView" */ = {
			isa = XCConfigurationList;
			buildConfigurations = (
				5C1B4BC22A81EF500072CC3E /* Debug */,
				5C1B4BC32A81EF500072CC3E /* Release */,
			);
			defaultConfigurationIsVisible = 0;
			defaultConfigurationName = Release;
		};
/* End XCConfigurationList section */
	};
	rootObject = 5C1B4BA52A81EF4F0072CC3E /* Project object */;
}
